
Microsoft Visual Studio Solution File, Format Version 12.00
# Visual Studio Version 16
VisualStudioVersion = 16.0.29806.167
MinimumVisualStudioVersion = 10.0.40219.1
Project("{FAE04EC0-301F-11D3-BF4B-00C04F79EFBC}") = "XamaMovies.Android", "XamaMovies\XamaMovies.Android\XamaMovies.Android.csproj", "{CF65C996-204A-4EF3-B63B-AEDD4F9B9C0B}"
EndProject
Project("{FAE04EC0-301F-11D3-BF4B-00C04F79EFBC}") = "XamaMovies.iOS", "XamaMovies\XamaMovies.iOS\XamaMovies.iOS.csproj", "{10636CCC-861A-4F74-AFC7-48F29409363B}"
EndProject
Project("{FAE04EC0-301F-11D3-BF4B-00C04F79EFBC}") = "XamaMovies", "XamaMovies\XamaMovies\XamaMovies.csproj", "{FF9DEAE6-D66B-4E85-AFC5-10E31A04386B}"
EndProject
Global
	GlobalSection(SolutionConfigurationPlatforms) = preSolution
		Debug|Any CPU = Debug|Any CPU
		Debug|iPhone = Debug|iPhone
		Debug|iPhoneSimulator = Debug|iPhoneSimulator
		Release|Any CPU = Release|Any CPU
		Release|iPhone = Release|iPhone
		Release|iPhoneSimulator = Release|iPhoneSimulator
	EndGlobalSection
	GlobalSection(ProjectConfigurationPlatforms) = postSolution
		{CF65C996-204A-4EF3-B63B-AEDD4F9B9C0B}.Debug|Any CPU.ActiveCfg = Debug|Any CPU
		{CF65C996-204A-4EF3-B63B-AEDD4F9B9C0B}.Debug|Any CPU.Build.0 = Debug|Any CPU
		{CF65C996-204A-4EF3-B63B-AEDD4F9B9C0B}.Debug|Any CPU.Deploy.0 = Debug|Any CPU
		{CF65C996-204A-4EF3-B63B-AEDD4F9B9C0B}.Debug|iPhone.ActiveCfg = Debug|Any CPU
		{CF65C996-204A-4EF3-B63B-AEDD4F9B9C0B}.Debug|iPhone.Build.0 = Debug|Any CPU
		{CF65C996-204A-4EF3-B63B-AEDD4F9B9C0B}.Debug|iPhone.Deploy.0 = Debug|Any CPU
		{CF65C996-204A-4EF3-B63B-AEDD4F9B9C0B}.Debug|iPhoneSimulator.ActiveCfg = Debug|Any CPU
		{CF65C996-204A-4EF3-B63B-AEDD4F9B9C0B}.Debug|iPhoneSimulator.Build.0 = Debug|Any CPU
		{CF65C996-204A-4EF3-B63B-AEDD4F9B9C0B}.Debug|iPhoneSimulator.Deploy.0 = Debug|Any CPU
		{CF65C996-204A-4EF3-B63B-AEDD4F9B9C0B}.Release|Any CPU.ActiveCfg = Release|Any CPU
		{CF65C996-204A-4EF3-B63B-AEDD4F9B9C0B}.Release|Any CPU.Build.0 = Release|Any CPU
		{CF65C996-204A-4EF3-B63B-AEDD4F9B9C0B}.Release|Any CPU.Deploy.0 = Release|Any CPU
		{CF65C996-204A-4EF3-B63B-AEDD4F9B9C0B}.Release|iPhone.ActiveCfg = Release|Any CPU
		{CF65C996-204A-4EF3-B63B-AEDD4F9B9C0B}.Release|iPhone.Build.0 = Release|Any CPU
		{CF65C996-204A-4EF3-B63B-AEDD4F9B9C0B}.Release|iPhone.Deploy.0 = Release|Any CPU
		{CF65C996-204A-4EF3-B63B-AEDD4F9B9C0B}.Release|iPhoneSimulator.ActiveCfg = Release|Any CPU
		{CF65C996-204A-4EF3-B63B-AEDD4F9B9C0B}.Release|iPhoneSimulator.Build.0 = Release|Any CPU
		{CF65C996-204A-4EF3-B63B-AEDD4F9B9C0B}.Release|iPhoneSimulator.Deploy.0 = Release|Any CPU
		{10636CCC-861A-4F74-AFC7-48F29409363B}.Debug|Any CPU.ActiveCfg = Debug|iPhoneSimulator
		{10636CCC-861A-4F74-AFC7-48F29409363B}.Debug|Any CPU.Build.0 = Debug|iPhoneSimulator
		{10636CCC-861A-4F74-AFC7-48F29409363B}.Debug|Any CPU.Deploy.0 = Debug|iPhoneSimulator
		{10636CCC-861A-4F74-AFC7-48F29409363B}.Debug|iPhone.ActiveCfg = Debug|iPhone
		{10636CCC-861A-4F74-AFC7-48F29409363B}.Debug|iPhone.Build.0 = Debug|iPhone
		{10636CCC-861A-4F74-AFC7-48F29409363B}.Debug|iPhone.Deploy.0 = Debug|iPhone
		{10636CCC-861A-4F74-AFC7-48F29409363B}.Debug|iPhoneSimulator.ActiveCfg = Debug|iPhoneSimulator
		{10636CCC-861A-4F74-AFC7-48F29409363B}.Debug|iPhoneSimulator.Build.0 = Debug|iPhoneSimulator
		{10636CCC-861A-4F74-AFC7-48F29409363B}.Debug|iPhoneSimulator.Deploy.0 = Debug|iPhoneSimulator
		{10636CCC-861A-4F74-AFC7-48F29409363B}.Release|Any CPU.ActiveCfg = Release|iPhone
		{10636CCC-861A-4F74-AFC7-48F29409363B}.Release|Any CPU.Build.0 = Release|iPhone
		{10636CCC-861A-4F74-AFC7-48F29409363B}.Release|Any CPU.Deploy.0 = Release|iPhone
		{10636CCC-861A-4F74-AFC7-48F29409363B}.Release|iPhone.ActiveCfg = Release|iPhone
		{10636CCC-861A-4F74-AFC7-48F29409363B}.Release|iPhone.Build.0 = Release|iPhone
		{10636CCC-861A-4F74-AFC7-48F29409363B}.Release|iPhone.Deploy.0 = Release|iPhone
		{10636CCC-861A-4F74-AFC7-48F29409363B}.Release|iPhoneSimulator.ActiveCfg = Release|iPhoneSimulator
		{10636CCC-861A-4F74-AFC7-48F29409363B}.Release|iPhoneSimulator.Build.0 = Release|iPhoneSimulator
		{10636CCC-861A-4F74-AFC7-48F29409363B}.Release|iPhoneSimulator.Deploy.0 = Release|iPhoneSimulator
		{FF9DEAE6-D66B-4E85-AFC5-10E31A04386B}.Debug|Any CPU.ActiveCfg = Debug|Any CPU
		{FF9DEAE6-D66B-4E85-AFC5-10E31A04386B}.Debug|Any CPU.Build.0 = Debug|Any CPU
		{FF9DEAE6-D66B-4E85-AFC5-10E31A04386B}.Debug|Any CPU.Deploy.0 = Debug|Any CPU
		{FF9DEAE6-D66B-4E85-AFC5-10E31A04386B}.Debug|iPhone.ActiveCfg = Debug|Any CPU
		{FF9DEAE6-D66B-4E85-AFC5-10E31A04386B}.Debug|iPhone.Build.0 = Debug|Any CPU
		{FF9DEAE6-D66B-4E85-AFC5-10E31A04386B}.Debug|iPhone.Deploy.0 = Debug|Any CPU
		{FF9DEAE6-D66B-4E85-AFC5-10E31A04386B}.Debug|iPhoneSimulator.ActiveCfg = Debug|Any CPU
		{FF9DEAE6-D66B-4E85-AFC5-10E31A04386B}.Debug|iPhoneSimulator.Build.0 = Debug|Any CPU
		{FF9DEAE6-D66B-4E85-AFC5-10E31A04386B}.Debug|iPhoneSimulator.Deploy.0 = Debug|Any CPU
		{FF9DEAE6-D66B-4E85-AFC5-10E31A04386B}.Release|Any CPU.ActiveCfg = Release|Any CPU
		{FF9DEAE6-D66B-4E85-AFC5-10E31A04386B}.Release|Any CPU.Build.0 = Release|Any CPU
		{FF9DEAE6-D66B-4E85-AFC5-10E31A04386B}.Release|Any CPU.Deploy.0 = Release|Any CPU
		{FF9DEAE6-D66B-4E85-AFC5-10E31A04386B}.Release|iPhone.ActiveCfg = Release|Any CPU
		{FF9DEAE6-D66B-4E85-AFC5-10E31A04386B}.Release|iPhone.Build.0 = Release|Any CPU
		{FF9DEAE6-D66B-4E85-AFC5-10E31A04386B}.Release|iPhone.Deploy.0 = Release|Any CPU
		{FF9DEAE6-D66B-4E85-AFC5-10E31A04386B}.Release|iPhoneSimulator.ActiveCfg = Release|Any CPU
		{FF9DEAE6-D66B-4E85-AFC5-10E31A04386B}.Release|iPhoneSimulator.Build.0 = Release|Any CPU
		{FF9DEAE6-D66B-4E85-AFC5-10E31A04386B}.Release|iPhoneSimulator.Deploy.0 = Release|Any CPU
	EndGlobalSection
	GlobalSection(SolutionProperties) = preSolution
		HideSolutionNode = FALSE
	EndGlobalSection
	GlobalSection(ExtensibilityGlobals) = postSolution
		SolutionGuid = {4A96858A-B54B-4526-830C-D0AB9A33FB6B}
	EndGlobalSection
EndGlobal
